<?xml version="1.0" encoding="utf-8"?>
<Project ToolsVersion="4.0" xmlns="http://schemas.microsoft.com/developer/msbuild/2003">
  <ItemGroup>
    <Filter Include="Source Files">
      <UniqueIdentifier>{4FC737F1-C7A5-4376-A066-2A32D752A2FF}</UniqueIdentifier>
      <Extensions>cpp;c;cc;cxx;def;odl;idl;hpj;bat;asm;asmx</Extensions>
    </Filter>
    <Filter Include="Header Files">
      <UniqueIdentifier>{93995380-89BD-4b04-88EB-625FBE52EBFB}</UniqueIdentifier>
      <Extensions>h;hh;hpp;hxx;hm;inl;inc;xsd</Extensions>
    </Filter>
    <Filter Include="Resource Files">
      <UniqueIdentifier>{67DA6AB6-F800-4c08-8B7A-83BB121AAD01}</UniqueIdentifier>
      <Extensions>rc;ico;cur;bmp;dlg;rc2;rct;bin;rgs;gif;jpg;jpeg;jpe;resx;tiff;tif;png;wav;mfcribbon-ms</Extensions>
    </Filter>
    <Filter Include="3rdParty">
      <UniqueIdentifier>{7da5e990-4412-4a61-9c69-0433d44cdc1b}</UniqueIdentifier>
    </Filter>
    <Filter Include="Switch">
      <UniqueIdentifier>{ee5600ab-4ddb-49a1-8a93-990119ef0b9b}</UniqueIdentifier>
    </Filter>
    <Filter Include="MyUtil">
      <UniqueIdentifier>{a909160e-5bd3-4a3d-8261-f986d6f00bd0}</UniqueIdentifier>
    </Filter>
    <Filter Include="RohdeSchwarz">
      <UniqueIdentifier>{442ab4b1-cb66-4102-8295-31c2a4c5a468}</UniqueIdentifier>
    </Filter>
    <Filter Include="Tektronix">
      <UniqueIdentifier>{104cb69f-f4d3-4f1d-b94d-9f523a68d340}</UniqueIdentifier>
    </Filter>
    <Filter Include="DBConnect">
      <UniqueIdentifier>{7795f23d-7a24-46c2-8aa7-5a8533fbb5b7}</UniqueIdentifier>
    </Filter>
    <Filter Include="JcAPI">
      <UniqueIdentifier>{20563535-2f26-4e7e-8986-43c952359bc7}</UniqueIdentifier>
    </Filter>
  </ItemGroup>
  <ItemGroup>
    <ClInclude Include="stdafx.h">
      <Filter>Header Files</Filter>
    </ClInclude>
    <ClInclude Include="targetver.h">
      <Filter>Header Files</Filter>
    </ClInclude>
    <ClInclude Include="Interface.h">
      <Filter>Header Files</Filter>
    </ClInclude>
    <ClInclude Include="IfVna.hpp">
      <Filter>Header Files</Filter>
    </ClInclude>
    <ClInclude Include="IfInstrument.hpp">
      <Filter>Header Files</Filter>
    </ClInclude>
    <ClInclude Include="IfSignalSource.hpp">
      <Filter>Header Files</Filter>
    </ClInclude>
    <ClInclude Include="IfSensor.hpp">
      <Filter>Header Files</Filter>
    </ClInclude>
    <ClInclude Include="IfAnalyzer.hpp">
      <Filter>Header Files</Filter>
    </ClInclude>
    <ClInclude Include="ClsSigAgN5181A.hpp">
      <Filter>Header Files</Filter>
    </ClInclude>
    <ClInclude Include="ClsAnaAgN9020A.hpp">
      <Filter>Header Files</Filter>
    </ClInclude>
    <ClInclude Include="ClsSenAgU2000A.hpp">
      <Filter>Header Files</Filter>
    </ClInclude>
    <ClInclude Include="ClsVnaAgE5062A.hpp">
      <Filter>Header Files</Filter>
    </ClInclude>
    <ClInclude Include="IfSwitch.hpp">
      <Filter>Header Files</Filter>
    </ClInclude>
    <ClInclude Include="resource.h">
      <Filter>Header Files</Filter>
    </ClInclude>
    <ClInclude Include="3rdParty\visatype.h">
      <Filter>3rdParty</Filter>
    </ClInclude>
    <ClInclude Include="3rdParty\visa.h">
      <Filter>3rdParty</Filter>
    </ClInclude>
    <ClInclude Include="3rdParty\sqlite3.h">
      <Filter>3rdParty</Filter>
    </ClInclude>
    <ClInclude Include="3rdParty\rsnrpz.h">
      <Filter>3rdParty</Filter>
    </ClInclude>
    <ClInclude Include="3rdParty\NrpControl2.h">
      <Filter>3rdParty</Filter>
    </ClInclude>
    <ClInclude Include="MyUtil\JcCommonAPI.h">
      <Filter>MyUtil</Filter>
    </ClInclude>
    <ClInclude Include="3rdParty\CppSQLite3.h">
      <Filter>3rdParty</Filter>
    </ClInclude>
    <ClInclude Include="MyUtil\JcException.hpp">
      <Filter>MyUtil</Filter>
    </ClInclude>
    <ClInclude Include="RohdeSchwarz\ClsAnaRsFspSerial.h">
      <Filter>RohdeSchwarz</Filter>
    </ClInclude>
    <ClInclude Include="RohdeSchwarz\ClsSigRsSMxSerial.h">
      <Filter>RohdeSchwarz</Filter>
    </ClInclude>
    <ClInclude Include="Switch\JcMatrixSwitch.h">
      <Filter>Switch</Filter>
    </ClInclude>
    <ClInclude Include="Switch\com_io_ctl.h">
      <Filter>Switch</Filter>
    </ClInclude>
    <ClInclude Include="Switch\implementsetting.h">
      <Filter>Switch</Filter>
    </ClInclude>
    <ClInclude Include="Switch\switch_info_huawei.h">
      <Filter>Switch</Filter>
    </ClInclude>
    <ClInclude Include="Switch\switch_info_poi.h">
      <Filter>Switch</Filter>
    </ClInclude>
    <ClInclude Include="Tektronix\ClsSigTekTSG4000.h">
      <Filter>Tektronix</Filter>
    </ClInclude>
    <ClInclude Include="JcOffsetDB.h">
      <Filter>DBConnect</Filter>
    </ClInclude>
    <ClInclude Include="JcDbConnect.h">
      <Filter>DBConnect</Filter>
    </ClInclude>
    <ClInclude Include="JcApi.h">
      <Filter>JcAPI</Filter>
    </ClInclude>
    <ClInclude Include="JcPimObject.h">
      <Filter>JcAPI</Filter>
    </ClInclude>
    <ClInclude Include="RohdeSchwarz\ClsSenRsNrpz.hpp">
      <Filter>RohdeSchwarz</Filter>
    </ClInclude>
    <ClInclude Include="RohdeSchwarz\ClsSenRsNrt.hpp">
      <Filter>RohdeSchwarz</Filter>
    </ClInclude>
    <ClInclude Include="Switch\ClsJcSwitch.h">
      <Filter>Switch</Filter>
    </ClInclude>
    <ClInclude Include="RohdeSchwarz\ClsInstrRohdeSchwarz.h">
      <Filter>RohdeSchwarz</Filter>
    </ClInclude>
    <ClInclude Include="ClsVisa.hpp">
      <Filter>Header Files</Filter>
    </ClInclude>
    <ClInclude Include="Tektronix\ClsSenTekPsm.hpp">
      <Filter>Tektronix</Filter>
    </ClInclude>
    <ClInclude Include="Switch\switch_info_hw_ext12.h">
      <Filter>Switch</Filter>
    </ClInclude>
    <ClInclude Include="Switch\switch_info_hw_ext8.h">
      <Filter>Switch</Filter>
    </ClInclude>
  </ItemGroup>
  <ItemGroup>
    <ClCompile Include="stdafx.cpp">
      <Filter>Source Files</Filter>
    </ClCompile>
    <ClCompile Include="dllmain.cpp">
      <Filter>Source Files</Filter>
    </ClCompile>
    <ClCompile Include="3rdParty\sqlite3.c">
      <Filter>3rdParty</Filter>
    </ClCompile>
    <ClCompile Include="MyUtil\JcCommonAPI.cpp">
      <Filter>MyUtil</Filter>
    </ClCompile>
    <ClCompile Include="3rdParty\CppSQLite3.cpp">
      <Filter>3rdParty</Filter>
    </ClCompile>
    <ClCompile Include="RohdeSchwarz\ClsAnaRsFspSerial.cpp">
      <Filter>RohdeSchwarz</Filter>
    </ClCompile>
    <ClCompile Include="RohdeSchwarz\ClsSigRsSMxSerial.cpp">
      <Filter>RohdeSchwarz</Filter>
    </ClCompile>
    <ClCompile Include="Switch\com_io_ctl.cpp">
      <Filter>Switch</Filter>
    </ClCompile>
    <ClCompile Include="Switch\implementsetting.cpp">
      <Filter>Switch</Filter>
    </ClCompile>
    <ClCompile Include="Switch\JcMatrixSwitch.cpp">
      <Filter>Switch</Filter>
    </ClCompile>
    <ClCompile Include="Tektronix\ClsSigTekTSG4000.cpp">
      <Filter>Tektronix</Filter>
    </ClCompile>
    <ClCompile Include="JcOffsetDB.cpp">
      <Filter>DBConnect</Filter>
    </ClCompile>
    <ClCompile Include="JcApi.cpp">
      <Filter>JcAPI</Filter>
    </ClCompile>
    <ClCompile Include="Switch\ClsJcSwitch.cpp">
      <Filter>Switch</Filter>
    </ClCompile>
  </ItemGroup>
  <ItemGroup>
    <ResourceCompile Include="JcPimMultiBandV2.rc">
      <Filter>Resource Files</Filter>
    </ResourceCompile>
  </ItemGroup>
  <ItemGroup>
    <Library Include="3rdParty\NrpControl2.lib">
      <Filter>3rdParty</Filter>
    </Library>
    <Library Include="3rdParty\rsnrpz_32.lib">
      <Filter>3rdParty</Filter>
    </Library>
    <Library Include="3rdParty\visa32.lib">
      <Filter>3rdParty</Filter>
    </Library>
  </ItemGroup>
</Project>